
Microsoft Visual Studio Solution File, Format Version 12.00
# Visual Studio Version 17
VisualStudioVersion = 17.4.33205.214
MinimumVisualStudioVersion = 10.0.40219.1
Project("{FAE04EC0-301F-11D3-BF4B-00C04F79EFBC}") = "P326FirstWeppApp", "P326FirstWeppApp\P326FirstWeppApp.csproj", "{A427CD6B-9524-4258-94AE-D15791B4FEFF}"
EndProject
Global
	GlobalSection(SolutionConfigurationPlatforms) = preSolution
		Debug|Any CPU = Debug|Any CPU
		Release|Any CPU = Release|Any CPU
	EndGlobalSection
	GlobalSection(ProjectConfigurationPlatforms) = postSolution
		{A427CD6B-9524-4258-94AE-D15791B4FEFF}.Debug|Any CPU.ActiveCfg = Debug|Any CPU
		{A427CD6B-9524-4258-94AE-D15791B4FEFF}.Debug|Any CPU.Build.0 = Debug|Any CPU
		{A427CD6B-9524-4258-94AE-D15791B4FEFF}.Release|Any CPU.ActiveCfg = Release|Any CPU
		{A427CD6B-9524-4258-94AE-D15791B4FEFF}.Release|Any CPU.Build.0 = Release|Any CPU
	EndGlobalSection
	GlobalSection(SolutionProperties) = preSolution
		HideSolutionNode = FALSE
	EndGlobalSection
	GlobalSection(ExtensibilityGlobals) = postSolution
		SolutionGuid = {C887A945-2A29-4981-915D-5CB0F445940E}
	EndGlobalSection
EndGlobal
